
Microsoft Visual Studio Solution File, Format Version 12.00
# Visual Studio Version 17
VisualStudioVersion = 17.0.31903.59
MinimumVisualStudioVersion = 10.0.40219.1
Project("{FAE04EC0-301F-11D3-BF4B-00C04F79EFBC}") = "AkkaWordCounter2.App", "AkkaWordCounter2.App\AkkaWordCounter2.App.csproj", "{2C6F5C1B-6639-4EBD-B9C5-419B5925631A}"
EndProject
Project("{FAE04EC0-301F-11D3-BF4B-00C04F79EFBC}") = "AkkaWordCounter2.App.Tests", "AkkaWordCounter2.App.Tests\AkkaWordCounter2.App.Tests.csproj", "{3714F9BF-EDCC-4114-90C5-B250B2CF7FC8}"
EndProject
Global
	GlobalSection(SolutionConfigurationPlatforms) = preSolution
		Debug|Any CPU = Debug|Any CPU
		Release|Any CPU = Release|Any CPU
	EndGlobalSection
	GlobalSection(SolutionProperties) = preSolution
		HideSolutionNode = FALSE
	EndGlobalSection
	GlobalSection(ProjectConfigurationPlatforms) = postSolution
		{2C6F5C1B-6639-4EBD-B9C5-419B5925631A}.Debug|Any CPU.ActiveCfg = Debug|Any CPU
		{2C6F5C1B-6639-4EBD-B9C5-419B5925631A}.Debug|Any CPU.Build.0 = Debug|Any CPU
		{2C6F5C1B-6639-4EBD-B9C5-419B5925631A}.Release|Any CPU.ActiveCfg = Release|Any CPU
		{2C6F5C1B-6639-4EBD-B9C5-419B5925631A}.Release|Any CPU.Build.0 = Release|Any CPU
		{3714F9BF-EDCC-4114-90C5-B250B2CF7FC8}.Debug|Any CPU.ActiveCfg = Debug|Any CPU
		{3714F9BF-EDCC-4114-90C5-B250B2CF7FC8}.Debug|Any CPU.Build.0 = Debug|Any CPU
		{3714F9BF-EDCC-4114-90C5-B250B2CF7FC8}.Release|Any CPU.ActiveCfg = Release|Any CPU
		{3714F9BF-EDCC-4114-90C5-B250B2CF7FC8}.Release|Any CPU.Build.0 = Release|Any CPU
	EndGlobalSection
EndGlobal
