
Microsoft Visual Studio Solution File, Format Version 12.00
# Visual Studio Version 17
VisualStudioVersion = 17.0.32014.148
MinimumVisualStudioVersion = 10.0.40219.1
Project("{9A19103F-16F7-4668-BE54-9A1E7A4F7556}") = "WinTail", "WinTail.csproj", "{F37E6D47-3E90-452F-8553-49413BB20D9D}"
EndProject
Global
	GlobalSection(SolutionConfigurationPlatforms) = preSolution
		Debug|Any CPU = Debug|Any CPU
		Release|Any CPU = Release|Any CPU
	EndGlobalSection
	GlobalSection(ProjectConfigurationPlatforms) = postSolution
		{F37E6D47-3E90-452F-8553-49413BB20D9D}.Debug|Any CPU.ActiveCfg = Debug|Any CPU
		{F37E6D47-3E90-452F-8553-49413BB20D9D}.Debug|Any CPU.Build.0 = Debug|Any CPU
		{F37E6D47-3E90-452F-8553-49413BB20D9D}.Release|Any CPU.ActiveCfg = Release|Any CPU
		{F37E6D47-3E90-452F-8553-49413BB20D9D}.Release|Any CPU.Build.0 = Release|Any CPU
	EndGlobalSection
	GlobalSection(SolutionProperties) = preSolution
		HideSolutionNode = FALSE
	EndGlobalSection
	GlobalSection(ExtensibilityGlobals) = postSolution
		SolutionGuid = {BE5E2BAA-F046-4337-B361-DAE7B3A1ADF2}
	EndGlobalSection
EndGlobal
