
Microsoft Visual Studio Solution File, Format Version 12.00
# Visual Studio 2013
VisualStudioVersion = 12.0.31101.0
MinimumVisualStudioVersion = 10.0.40219.1
Project("{F2A71F9B-5D33-465A-A702-920D77279786}") = "ChartApp", "ChartApp.fsproj", "{13098CAC-50DC-4B47-9B74-5E0B11112662}"
EndProject
Global
	GlobalSection(SolutionConfigurationPlatforms) = preSolution
		Debug|Any CPU = Debug|Any CPU
		Release|Any CPU = Release|Any CPU
	EndGlobalSection
	GlobalSection(ProjectConfigurationPlatforms) = postSolution
		{13098CAC-50DC-4B47-9B74-5E0B11112662}.Debug|Any CPU.ActiveCfg = Debug|Any CPU
		{13098CAC-50DC-4B47-9B74-5E0B11112662}.Debug|Any CPU.Build.0 = Debug|Any CPU
		{13098CAC-50DC-4B47-9B74-5E0B11112662}.Release|Any CPU.ActiveCfg = Release|Any CPU
		{13098CAC-50DC-4B47-9B74-5E0B11112662}.Release|Any CPU.Build.0 = Release|Any CPU
	EndGlobalSection
	GlobalSection(SolutionProperties) = preSolution
		HideSolutionNode = FALSE
	EndGlobalSection
EndGlobal
